// !$*UTF8*$!
{
	archiveVersion = 1;
	classes = {
	};
	objectVersion = 46;
	objects = {

/* Begin PBXBuildFile section */
		617489E01D4882DC00FE65E7 /* main.m in Sources */ = {isa = PBXBuildFile; fileRef = 617489DF1D4882DC00FE65E7 /* main.m */; };
		617489E31D4882DC00FE65E7 /* AppDelegate.m in Sources */ = {isa = PBXBuildFile; fileRef = 617489E21D4882DC00FE65E7 /* AppDelegate.m */; };
		617489E61D4882DC00FE65E7 /* ViewController.m in Sources */ = {isa = PBXBuildFile; fileRef = 617489E51D4882DC00FE65E7 /* ViewController.m */; };
		617489E91D4882DC00FE65E7 /* Main.storyboard in Resources */ = {isa = PBXBuildFile; fileRef = 617489E71D4882DC00FE65E7 /* Main.storyboard */; };
		617489EB1D4882DC00FE65E7 /* Assets.xcassets in Resources */ = {isa = PBXBuildFile; fileRef = 617489EA1D4882DC00FE65E7 /* Assets.xcassets */; };
		617489EE1D4882DC00FE65E7 /* LaunchScreen.storyboard in Resources */ = {isa = PBXBuildFile; fileRef = 617489EC1D4882DC00FE65E7 /* LaunchScreen.storyboard */; };
		617489F91D4882DC00FE65E7 /* MoviesTests.m in Sources */ = {isa = PBXBuildFile; fileRef = 617489F81D4882DC00FE65E7 /* MoviesTests.m */; };
		61748A041D4882DC00FE65E7 /* MoviesUITests.m in Sources */ = {isa = PBXBuildFile; fileRef = 61748A031D4882DC00FE65E7 /* MoviesUITests.m */; };
/* End PBXBuildFile section */

/* Begin PBXContainerItemProxy section */
		617489F51D4882DC00FE65E7 /* PBXContainerItemProxy */ = {
			isa = PBXContainerItemProxy;
			containerPortal = 617489D31D4882DC00FE65E7 /* Project object */;
			proxyType = 1;
			remoteGlobalIDString = 617489DA1D4882DC00FE65E7;
			remoteInfo = Movies;
		};
		61748A001D4882DC00FE65E7 /* PBXContainerItemProxy */ = {
			isa = PBXContainerItemProxy;
			containerPortal = 617489D31D4882DC00FE65E7 /* Project object */;
			proxyType = 1;
			remoteGlobalIDString = 617489DA1D4882DC00FE65E7;
			remoteInfo = Movies;
		};
/* End PBXContainerItemProxy section */

/* Begin PBXFileReference section */
		617489DB1D4882DC00FE65E7 /* Movies.app */ = {isa = PBXFileReference; explicitFileType = wrapper.application; includeInIndex = 0; path = Movies.app; sourceTree = BUILT_PRODUCTS_DIR; };
		617489DF1D4882DC00FE65E7 /* main.m */ = {isa = PBXFileReference; lastKnownFileType = sourcecode.c.objc; path = main.m; sourceTree = "<group>"; };
		617489E11D4882DC00FE65E7 /* AppDelegate.h */ = {isa = PBXFileReference; lastKnownFileType = sourcecode.c.h; path = AppDelegate.h; sourceTree = "<group>"; };
		617489E21D4882DC00FE65E7 /* AppDelegate.m */ = {isa = PBXFileReference; lastKnownFileType = sourcecode.c.objc; path = AppDelegate.m; sourceTree = "<group>"; };
		617489E41D4882DC00FE65E7 /* ViewController.h */ = {isa = PBXFileReference; lastKnownFileType = sourcecode.c.h; path = ViewController.h; sourceTree = "<group>"; };
		617489E51D4882DC00FE65E7 /* ViewController.m */ = {isa = PBXFileReference; lastKnownFileType = sourcecode.c.objc; path = ViewController.m; sourceTree = "<group>"; };
		617489E81D4882DC00FE65E7 /* Base */ = {isa = PBXFileReference; lastKnownFileType = file.storyboard; name = Base; path = Base.lproj/Main.storyboard; sourceTree = "<group>"; };
		617489EA1D4882DC00FE65E7 /* Assets.xcassets */ = {isa = PBXFileReference; lastKnownFileType = folder.assetcatalog; path = Assets.xcassets; sourceTree = "<group>"; };
		617489ED1D4882DC00FE65E7 /* Base */ = {isa = PBXFileReference; lastKnownFileType = file.storyboard; name = Base; path = Base.lproj/LaunchScreen.storyboard; sourceTree = "<group>"; };
		617489EF1D4882DC00FE65E7 /* Info.plist */ = {isa = PBXFileReference; lastKnownFileType = text.plist.xml; path = Info.plist; sourceTree = "<group>"; };
		617489F41D4882DC00FE65E7 /* MoviesTests.xctest */ = {isa = PBXFileReference; explicitFileType = wrapper.cfbundle; includeInIndex = 0; path = MoviesTests.xctest; sourceTree = BUILT_PRODUCTS_DIR; };
		617489F81D4882DC00FE65E7 /* MoviesTests.m */ = {isa = PBXFileReference; lastKnownFileType = sourcecode.c.objc; path = MoviesTests.m; sourceTree = "<group>"; };
		617489FA1D4882DC00FE65E7 /* Info.plist */ = {isa = PBXFileReference; lastKnownFileType = text.plist.xml; path = Info.plist; sourceTree = "<group>"; };
		617489FF1D4882DC00FE65E7 /* MoviesUITests.xctest */ = {isa = PBXFileReference; explicitFileType = wrapper.cfbundle; includeInIndex = 0; path = MoviesUITests.xctest; sourceTree = BUILT_PRODUCTS_DIR; };
		61748A031D4882DC00FE65E7 /* MoviesUITests.m */ = {isa = PBXFileReference; lastKnownFileType = sourcecode.c.objc; path = MoviesUITests.m; sourceTree = "<group>"; };
		61748A051D4882DC00FE65E7 /* Info.plist */ = {isa = PBXFileReference; lastKnownFileType = text.plist.xml; path = Info.plist; sourceTree = "<group>"; };
/* End PBXFileReference section */

/* Begin PBXFrameworksBuildPhase section */
		617489D81D4882DC00FE65E7 /* Frameworks */ = {
			isa = PBXFrameworksBuildPhase;
			buildActionMask = 2147483647;
			files = (
			);
			runOnlyForDeploymentPostprocessing = 0;
		};
		617489F11D4882DC00FE65E7 /* Frameworks */ = {
			isa = PBXFrameworksBuildPhase;
			buildActionMask = 2147483647;
			files = (
			);
			runOnlyForDeploymentPostprocessing = 0;
		};
		617489FC1D4882DC00FE65E7 /* Frameworks */ = {
			isa = PBXFrameworksBuildPhase;
			buildActionMask = 2147483647;
			files = (
			);
			runOnlyForDeploymentPostprocessing = 0;
		};
/* End PBXFrameworksBuildPhase section */

/* Begin PBXGroup section */
		617489D21D4882DC00FE65E7 = {
			isa = PBXGroup;
			children = (
				617489DD1D4882DC00FE65E7 /* Movies */,
				617489F71D4882DC00FE65E7 /* MoviesTests */,
				61748A021D4882DC00FE65E7 /* MoviesUITests */,
				617489DC1D4882DC00FE65E7 /* Products */,
			);
			sourceTree = "<group>";
		};
		617489DC1D4882DC00FE65E7 /* Products */ = {
			isa = PBXGroup;
			children = (
				617489DB1D4882DC00FE65E7 /* Movies.app */,
				617489F41D4882DC00FE65E7 /* MoviesTests.xctest */,
				617489FF1D4882DC00FE65E7 /* MoviesUITests.xctest */,
			);
			name = Products;
			sourceTree = "<group>";
		};
		617489DD1D4882DC00FE65E7 /* Movies */ = {
			isa = PBXGroup;
			children = (
				617489E11D4882DC00FE65E7 /* AppDelegate.h */,
				617489E21D4882DC00FE65E7 /* AppDelegate.m */,
				617489E41D4882DC00FE65E7 /* ViewController.h */,
				617489E51D4882DC00FE65E7 /* ViewController.m */,
				617489E71D4882DC00FE65E7 /* Main.storyboard */,
				617489EA1D4882DC00FE65E7 /* Assets.xcassets */,
				617489EC1D4882DC00FE65E7 /* LaunchScreen.storyboard */,
				617489EF1D4882DC00FE65E7 /* Info.plist */,
				617489DE1D4882DC00FE65E7 /* Supporting Files */,
			);
			path = Movies;
			sourceTree = "<group>";
		};
		617489DE1D4882DC00FE65E7 /* Supporting Files */ = {
			isa = PBXGroup;
			children = (
				617489DF1D4882DC00FE65E7 /* main.m */,
			);
			name = "Supporting Files";
			sourceTree = "<group>";
		};
		617489F71D4882DC00FE65E7 /* MoviesTests */ = {
			isa = PBXGroup;
			children = (
				617489F81D4882DC00FE65E7 /* MoviesTests.m */,
				617489FA1D4882DC00FE65E7 /* Info.plist */,
			);
			path = MoviesTests;
			sourceTree = "<group>";
		};
		61748A021D4882DC00FE65E7 /* MoviesUITests */ = {
			isa = PBXGroup;
			children = (
				61748A031D4882DC00FE65E7 /* MoviesUITests.m */,
				61748A051D4882DC00FE65E7 /* Info.plist */,
			);
			path = MoviesUITests;
			sourceTree = "<group>";
		};
/* End PBXGroup section */

/* Begin PBXNativeTarget section */
		617489DA1D4882DC00FE65E7 /* Movies */ = {
			isa = PBXNativeTarget;
			buildConfigurationList = 61748A081D4882DC00FE65E7 /* Build configuration list for PBXNativeTarget "Movies" */;
			buildPhases = (
				617489D71D4882DC00FE65E7 /* Sources */,
				617489D81D4882DC00FE65E7 /* Frameworks */,
				617489D91D4882DC00FE65E7 /* Resources */,
			);
			buildRules = (
			);
			dependencies = (
			);
			name = Movies;
			productName = Movies;
			productReference = 617489DB1D4882DC00FE65E7 /* Movies.app */;
			productType = "com.apple.product-type.application";
		};
		617489F31D4882DC00FE65E7 /* MoviesTests */ = {
			isa = PBXNativeTarget;
			buildConfigurationList = 61748A0B1D4882DC00FE65E7 /* Build configuration list for PBXNativeTarget "MoviesTests" */;
			buildPhases = (
				617489F01D4882DC00FE65E7 /* Sources */,
				617489F11D4882DC00FE65E7 /* Frameworks */,
				617489F21D4882DC00FE65E7 /* Resources */,
			);
			buildRules = (
			);
			dependencies = (
				617489F61D4882DC00FE65E7 /* PBXTargetDependency */,
			);
			name = MoviesTests;
			productName = MoviesTests;
			productReference = 617489F41D4882DC00FE65E7 /* MoviesTests.xctest */;
			productType = "com.apple.product-type.bundle.unit-test";
		};
		617489FE1D4882DC00FE65E7 /* MoviesUITests */ = {
			isa = PBXNativeTarget;
			buildConfigurationList = 61748A0E1D4882DC00FE65E7 /* Build configuration list for PBXNativeTarget "MoviesUITests" */;
			buildPhases = (
				617489FB1D4882DC00FE65E7 /* Sources */,
				617489FC1D4882DC00FE65E7 /* Frameworks */,
				617489FD1D4882DC00FE65E7 /* Resources */,
			);
			buildRules = (
			);
			dependencies = (
				61748A011D4882DC00FE65E7 /* PBXTargetDependency */,
			);
			name = MoviesUITests;
			productName = MoviesUITests;
			productReference = 617489FF1D4882DC00FE65E7 /* MoviesUITests.xctest */;
			productType = "com.apple.product-type.bundle.ui-testing";
		};
/* End PBXNativeTarget section */

/* Begin PBXProject section */
		617489D31D4882DC00FE65E7 /* Project object */ = {
			isa = PBXProject;
			attributes = {
				LastUpgradeCheck = 0730;
				ORGANIZATIONNAME = Uber;
				TargetAttributes = {
					617489DA1D4882DC00FE65E7 = {
						CreatedOnToolsVersion = 7.3.1;
					};
					617489F31D4882DC00FE65E7 = {
						CreatedOnToolsVersion = 7.3.1;
						TestTargetID = 617489DA1D4882DC00FE65E7;
					};
					617489FE1D4882DC00FE65E7 = {
						CreatedOnToolsVersion = 7.3.1;
						TestTargetID = 617489DA1D4882DC00FE65E7;
					};
				};
			};
			buildConfigurationList = 617489D61D4882DC00FE65E7 /* Build configuration list for PBXProject "Movies" */;
			compatibilityVersion = "Xcode 3.2";
			developmentRegion = English;
			hasScannedForEncodings = 0;
			knownRegions = (
				en,
				Base,
			);
			mainGroup = 617489D21D4882DC00FE65E7;
			productRefGroup = 617489DC1D4882DC00FE65E7 /* Products */;
			projectDirPath = "";
			projectRoot = "";
			targets = (
				617489DA1D4882DC00FE65E7 /* Movies */,
				617489F31D4882DC00FE65E7 /* MoviesTests */,
				617489FE1D4882DC00FE65E7 /* MoviesUITests */,
			);
		};
/* End PBXProject section */

/* Begin PBXResourcesBuildPhase section */
		617489D91D4882DC00FE65E7 /* Resources */ = {
			isa = PBXResourcesBuildPhase;
			buildActionMask = 2147483647;
			files = (
				617489EE1D4882DC00FE65E7 /* LaunchScreen.storyboard in Resources */,
				617489EB1D4882DC00FE65E7 /* Assets.xcassets in Resources */,
				617489E91D4882DC00FE65E7 /* Main.storyboard in Resources */,
			);
			runOnlyForDeploymentPostprocessing = 0;
		};
		617489F21D4882DC00FE65E7 /* Resources */ = {
			isa = PBXResourcesBuildPhase;
			buildActionMask = 2147483647;
			files = (
			);
			runOnlyForDeploymentPostprocessing = 0;
		};
		617489FD1D4882DC00FE65E7 /* Resources */ = {
			isa = PBXResourcesBuildPhase;
			buildActionMask = 2147483647;
			files = (
			);
			runOnlyForDeploymentPostprocessing = 0;
		};
/* End PBXResourcesBuildPhase section */

/* Begin PBXSourcesBuildPhase section */
		617489D71D4882DC00FE65E7 /* Sources */ = {
			isa = PBXSourcesBuildPhase;
			buildActionMask = 2147483647;
			files = (
				617489E61D4882DC00FE65E7 /* ViewController.m in Sources */,
				617489E31D4882DC00FE65E7 /* AppDelegate.m in Sources */,
				617489E01D4882DC00FE65E7 /* main.m in Sources */,
			);
			runOnlyForDeploymentPostprocessing = 0;
		};
		617489F01D4882DC00FE65E7 /* Sources */ = {
			isa = PBXSourcesBuildPhase;
			buildActionMask = 2147483647;
			files = (
				617489F91D4882DC00FE65E7 /* MoviesTests.m in Sources */,
			);
			runOnlyForDeploymentPostprocessing = 0;
		};
		617489FB1D4882DC00FE65E7 /* Sources */ = {
			isa = PBXSourcesBuildPhase;
			buildActionMask = 2147483647;
			files = (
				61748A041D4882DC00FE65E7 /* MoviesUITests.m in Sources */,
			);
			runOnlyForDeploymentPostprocessing = 0;
		};
/* End PBXSourcesBuildPhase section */

/* Begin PBXTargetDependency section */
		617489F61D4882DC00FE65E7 /* PBXTargetDependency */ = {
			isa = PBXTargetDependency;
			target = 617489DA1D4882DC00FE65E7 /* Movies */;
			targetProxy = 617489F51D4882DC00FE65E7 /* PBXContainerItemProxy */;
		};
		61748A011D4882DC00FE65E7 /* PBXTargetDependency */ = {
			isa = PBXTargetDependency;
			target = 617489DA1D4882DC00FE65E7 /* Movies */;
			targetProxy = 61748A001D4882DC00FE65E7 /* PBXContainerItemProxy */;
		};
/* End PBXTargetDependency section */

/* Begin PBXVariantGroup section */
		617489E71D4882DC00FE65E7 /* Main.storyboard */ = {
			isa = PBXVariantGroup;
			children = (
				617489E81D4882DC00FE65E7 /* Base */,
			);
			name = Main.storyboard;
			sourceTree = "<group>";
		};
		617489EC1D4882DC00FE65E7 /* LaunchScreen.storyboard */ = {
			isa = PBXVariantGroup;
			children = (
				617489ED1D4882DC00FE65E7 /* Base */,
			);
			name = LaunchScreen.storyboard;
			sourceTree = "<group>";
		};
/* End PBXVariantGroup section */

/* Begin XCBuildConfiguration section */
		61748A061D4882DC00FE65E7 /* Debug */ = {
			isa = XCBuildConfiguration;
			buildSettings = {
				ALWAYS_SEARCH_USER_PATHS = NO;
				CLANG_ANALYZER_NONNULL = YES;
				CLANG_CXX_LANGUAGE_STANDARD = "gnu++0x";
				CLANG_CXX_LIBRARY = "libc++";
				CLANG_ENABLE_MODULES = YES;
				CLANG_ENABLE_OBJC_ARC = YES;
				CLANG_WARN_BOOL_CONVERSION = YES;
				CLANG_WARN_CONSTANT_CONVERSION = YES;
				CLANG_WARN_DIRECT_OBJC_ISA_USAGE = YES_ERROR;
				CLANG_WARN_EMPTY_BODY = YES;
				CLANG_WARN_ENUM_CONVERSION = YES;
				CLANG_WARN_INT_CONVERSION = YES;
				CLANG_WARN_OBJC_ROOT_CLASS = YES_ERROR;
				CLANG_WARN_UNREACHABLE_CODE = YES;
				CLANG_WARN__DUPLICATE_METHOD_MATCH = YES;
				"CODE_SIGN_IDENTITY[sdk=iphoneos*]" = "iPhone Developer";
				COPY_PHASE_STRIP = NO;
				DEBUG_INFORMATION_FORMAT = dwarf;
				ENABLE_STRICT_OBJC_MSGSEND = YES;
				ENABLE_TESTABILITY = YES;
				GCC_C_LANGUAGE_STANDARD = gnu99;
				GCC_DYNAMIC_NO_PIC = NO;
				GCC_NO_COMMON_BLOCKS = YES;
				GCC_OPTIMIZATION_LEVEL = 0;
				GCC_PREPROCESSOR_DEFINITIONS = (
					"DEBUG=1",
					"$(inherited)",
				);
				GCC_WARN_64_TO_32_BIT_CONVERSION = YES;
				GCC_WARN_ABOUT_RETURN_TYPE = YES_ERROR;
				GCC_WARN_UNDECLARED_SELECTOR = YES;
				GCC_WARN_UNINITIALIZED_AUTOS = YES_AGGRESSIVE;
				GCC_WARN_UNUSED_FUNCTION = YES;
				GCC_WARN_UNUSED_VARIABLE = YES;
				IPHONEOS_DEPLOYMENT_TARGET = 9.3;
				MTL_ENABLE_DEBUG_INFO = YES;
				ONLY_ACTIVE_ARCH = YES;
				SDKROOT = iphoneos;
				TARGETED_DEVICE_FAMILY = "1,2";
			};
			name = Debug;
		};
		61748A071D4882DC00FE65E7 /* Release */ = {
			isa = XCBuildConfiguration;
			buildSettings = {
				ALWAYS_SEARCH_USER_PATHS = NO;
				CLANG_ANALYZER_NONNULL = YES;
				CLANG_CXX_LANGUAGE_STANDARD = "gnu++0x";
				CLANG_CXX_LIBRARY = "libc++";
				CLANG_ENABLE_MODULES = YES;
				CLANG_ENABLE_OBJC_ARC = YES;
				CLANG_WARN_BOOL_CONVERSION = YES;
				CLANG_WARN_CONSTANT_CONVERSION = YES;
				CLANG_WARN_DIRECT_OBJC_ISA_USAGE = YES_ERROR;
				CLANG_WARN_EMPTY_BODY = YES;
				CLANG_WARN_ENUM_CONVERSION = YES;
				CLANG_WARN_INT_CONVERSION = YES;
				CLANG_WARN_OBJC_ROOT_CLASS = YES_ERROR;
				CLANG_WARN_UNREACHABLE_CODE = YES;
				CLANG_WARN__DUPLICATE_METHOD_MATCH = YES;
				"CODE_SIGN_IDENTITY[sdk=iphoneos*]" = "iPhone Developer";
				COPY_PHASE_STRIP = NO;
				DEBUG_INFORMATION_FORMAT = "dwarf-with-dsym";
				ENABLE_NS_ASSERTIONS = NO;
				ENABLE_STRICT_OBJC_MSGSEND = YES;
				GCC_C_LANGUAGE_STANDARD = gnu99;
				GCC_NO_COMMON_BLOCKS = YES;
				GCC_WARN_64_TO_32_BIT_CONVERSION = YES;
				GCC_WARN_ABOUT_RETURN_TYPE = YES_ERROR;
				GCC_WARN_UNDECLARED_SELECTOR = YES;
				GCC_WARN_UNINITIALIZED_AUTOS = YES_AGGRESSIVE;
				GCC_WARN_UNUSED_FUNCTION = YES;
				GCC_WARN_UNUSED_VARIABLE = YES;
				IPHONEOS_DEPLOYMENT_TARGET = 9.3;
				MTL_ENABLE_DEBUG_INFO = NO;
				SDKROOT = iphoneos;
				TARGETED_DEVICE_FAMILY = "1,2";
				VALIDATE_PRODUCT = YES;
			};
			name = Release;
		};
		61748A091D4882DC00FE65E7 /* Debug */ = {
			isa = XCBuildConfiguration;
			buildSettings = {
				ASSETCATALOG_COMPILER_APPICON_NAME = AppIcon;
				INFOPLIST_FILE = Movies/Info.plist;
				LD_RUNPATH_SEARCH_PATHS = "$(inherited) @executable_path/Frameworks";
				PRODUCT_BUNDLE_IDENTIFIER = com.Uber.Movies;
				PRODUCT_NAME = "$(TARGET_NAME)";
			};
			name = Debug;
		};
		61748A0A1D4882DC00FE65E7 /* Release */ = {
			isa = XCBuildConfiguration;
			buildSettings = {
				ASSETCATALOG_COMPILER_APPICON_NAME = AppIcon;
				INFOPLIST_FILE = Movies/Info.plist;
				LD_RUNPATH_SEARCH_PATHS = "$(inherited) @executable_path/Frameworks";
				PRODUCT_BUNDLE_IDENTIFIER = com.Uber.Movies;
				PRODUCT_NAME = "$(TARGET_NAME)";
			};
			name = Release;
		};
		61748A0C1D4882DC00FE65E7 /* Debug */ = {
			isa = XCBuildConfiguration;
			buildSettings = {
				BUNDLE_LOADER = "$(TEST_HOST)";
				INFOPLIST_FILE = MoviesTests/Info.plist;
				LD_RUNPATH_SEARCH_PATHS = "$(inherited) @executable_path/Frameworks @loader_path/Frameworks";
				PRODUCT_BUNDLE_IDENTIFIER = com.Uber.MoviesTests;
				PRODUCT_NAME = "$(TARGET_NAME)";
				TEST_HOST = "$(BUILT_PRODUCTS_DIR)/Movies.app/Movies";
			};
			name = Debug;
		};
		61748A0D1D4882DC00FE65E7 /* Release */ = {
			isa = XCBuildConfiguration;
			buildSettings = {
				BUNDLE_LOADER = "$(TEST_HOST)";
				INFOPLIST_FILE = MoviesTests/Info.plist;
				LD_RUNPATH_SEARCH_PATHS = "$(inherited) @executable_path/Frameworks @loader_path/Frameworks";
				PRODUCT_BUNDLE_IDENTIFIER = com.Uber.MoviesTests;
				PRODUCT_NAME = "$(TARGET_NAME)";
				TEST_HOST = "$(BUILT_PRODUCTS_DIR)/Movies.app/Movies";
			};
			name = Release;
		};
		61748A0F1D4882DC00FE65E7 /* Debug */ = {
			isa = XCBuildConfiguration;
			buildSettings = {
				INFOPLIST_FILE = MoviesUITests/Info.plist;
				LD_RUNPATH_SEARCH_PATHS = "$(inherited) @executable_path/Frameworks @loader_path/Frameworks";
				PRODUCT_BUNDLE_IDENTIFIER = com.Uber.MoviesUITests;
				PRODUCT_NAME = "$(TARGET_NAME)";
				TEST_TARGET_NAME = Movies;
			};
			name = Debug;
		};
		61748A101D4882DC00FE65E7 /* Release */ = {
			isa = XCBuildConfiguration;
			buildSettings = {
				INFOPLIST_FILE = MoviesUITests/Info.plist;
				LD_RUNPATH_SEARCH_PATHS = "$(inherited) @executable_path/Frameworks @loader_path/Frameworks";
				PRODUCT_BUNDLE_IDENTIFIER = com.Uber.MoviesUITests;
				PRODUCT_NAME = "$(TARGET_NAME)";
				TEST_TARGET_NAME = Movies;
			};
			name = Release;
		};
/* End XCBuildConfiguration section */

/* Begin XCConfigurationList section */
		617489D61D4882DC00FE65E7 /* Build configuration list for PBXProject "Movies" */ = {
			isa = XCConfigurationList;
			buildConfigurations = (
				61748A061D4882DC00FE65E7 /* Debug */,
				61748A071D4882DC00FE65E7 /* Release */,
			);
			defaultConfigurationIsVisible = 0;
			defaultConfigurationName = Release;
		};
		61748A081D4882DC00FE65E7 /* Build configuration list for PBXNativeTarget "Movies" */ = {
			isa = XCConfigurationList;
			buildConfigurations = (
				61748A091D4882DC00FE65E7 /* Debug */,
				61748A0A1D4882DC00FE65E7 /* Release */,
			);
			defaultConfigurationIsVisible = 0;
		};
		61748A0B1D4882DC00FE65E7 /* Build configuration list for PBXNativeTarget "MoviesTests" */ = {
			isa = XCConfigurationList;
			buildConfigurations = (
				61748A0C1D4882DC00FE65E7 /* Debug */,
				61748A0D1D4882DC00FE65E7 /* Release */,
			);
			defaultConfigurationIsVisible = 0;
		};
		61748A0E1D4882DC00FE65E7 /* Build configuration list for PBXNativeTarget "MoviesUITests" */ = {
			isa = XCConfigurationList;
			buildConfigurations = (
				61748A0F1D4882DC00FE65E7 /* Debug */,
				61748A101D4882DC00FE65E7 /* Release */,
			);
			defaultConfigurationIsVisible = 0;
		};
/* End XCConfigurationList section */
	};
	rootObject = 617489D31D4882DC00FE65E7 /* Project object */;
}
